
Microsoft Visual Studio Solution File, Format Version 12.00
# Visual Studio Version 17
VisualStudioVersion = 17.13.35818.85 d17.13
MinimumVisualStudioVersion = 10.0.40219.1
Project("{FAE04EC0-301F-11D3-BF4B-00C04F79EFBC}") = "ProyectoDiscretas", "ProyectoDiscretas\ProyectoDiscretas.csproj", "{37E1EA82-BE51-4189-AC87-7FEF408DC1DA}"
EndProject
Global
	GlobalSection(SolutionConfigurationPlatforms) = preSolution
		Debug|Any CPU = Debug|Any CPU
		Release|Any CPU = Release|Any CPU
	EndGlobalSection
	GlobalSection(ProjectConfigurationPlatforms) = postSolution
		{37E1EA82-BE51-4189-AC87-7FEF408DC1DA}.Debug|Any CPU.ActiveCfg = Debug|Any CPU
		{37E1EA82-BE51-4189-AC87-7FEF408DC1DA}.Debug|Any CPU.Build.0 = Debug|Any CPU
		{37E1EA82-BE51-4189-AC87-7FEF408DC1DA}.Release|Any CPU.ActiveCfg = Release|Any CPU
		{37E1EA82-BE51-4189-AC87-7FEF408DC1DA}.Release|Any CPU.Build.0 = Release|Any CPU
	EndGlobalSection
	GlobalSection(SolutionProperties) = preSolution
		HideSolutionNode = FALSE
	EndGlobalSection
	GlobalSection(ExtensibilityGlobals) = postSolution
		SolutionGuid = {B367BC57-C32E-4425-98D0-F33B489C29CC}
	EndGlobalSection
EndGlobal
